// !$*UTF8*$!
{
	archiveVersion = 1;
	classes = {
	};
	objectVersion = 48;
	objects = {

/* Begin PBXBuildFile section */
		079CEF8E1FA8F67A00AC1FE4 /* LoginViewController.swift in Sources */ = {isa = PBXBuildFile; fileRef = 079CEF8D1FA8F67A00AC1FE4 /* LoginViewController.swift */; };
		079CEF911FA8F6A300AC1FE4 /* NewAccountViewController.swift in Sources */ = {isa = PBXBuildFile; fileRef = 079CEF901FA8F6A300AC1FE4 /* NewAccountViewController.swift */; };
		079CEF931FA8F6B600AC1FE4 /* AccountEditorViewController.swift in Sources */ = {isa = PBXBuildFile; fileRef = 079CEF921FA8F6B600AC1FE4 /* AccountEditorViewController.swift */; };
		079CEF971FA8FBA500AC1FE4 /* EventsTableViewController.swift in Sources */ = {isa = PBXBuildFile; fileRef = 079CEF961FA8FBA500AC1FE4 /* EventsTableViewController.swift */; };
		079CEF991FA8FC4800AC1FE4 /* EventEditorViewController.swift in Sources */ = {isa = PBXBuildFile; fileRef = 079CEF981FA8FC4800AC1FE4 /* EventEditorViewController.swift */; };
		079CEF9B1FA8FE5B00AC1FE4 /* TransactionsTableViewController.swift in Sources */ = {isa = PBXBuildFile; fileRef = 079CEF9A1FA8FE5B00AC1FE4 /* TransactionsTableViewController.swift */; };
		07AB53B11F993F3200BC23F3 /* AppDelegate.swift in Sources */ = {isa = PBXBuildFile; fileRef = 07AB53B01F993F3200BC23F3 /* AppDelegate.swift */; };
		07AB53B61F993F3200BC23F3 /* Login.storyboard in Resources */ = {isa = PBXBuildFile; fileRef = 07AB53B41F993F3200BC23F3 /* Login.storyboard */; };
		07AB53B81F993F3200BC23F3 /* Assets.xcassets in Resources */ = {isa = PBXBuildFile; fileRef = 07AB53B71F993F3200BC23F3 /* Assets.xcassets */; };
		07AB53BB1F993F3200BC23F3 /* LaunchScreen.storyboard in Resources */ = {isa = PBXBuildFile; fileRef = 07AB53B91F993F3200BC23F3 /* LaunchScreen.storyboard */; };
		07AB53C31F99421100BC23F3 /* libz.tbd in Frameworks */ = {isa = PBXBuildFile; fileRef = 07AB53C21F99421100BC23F3 /* libz.tbd */; };
		07AB53C61F99430900BC23F3 /* tessdata in Resources */ = {isa = PBXBuildFile; fileRef = 07AB53C51F99430900BC23F3 /* tessdata */; };
		07DE484F1FA91830008F1B96 /* Transactions.storyboard in Resources */ = {isa = PBXBuildFile; fileRef = 07DE484E1FA91830008F1B96 /* Transactions.storyboard */; };
		07DE48511FA9184D008F1B96 /* Balances.storyboard in Resources */ = {isa = PBXBuildFile; fileRef = 07DE48501FA9184D008F1B96 /* Balances.storyboard */; };
		07DE48521FA91916008F1B96 /* Events.storyboard in Resources */ = {isa = PBXBuildFile; fileRef = 07DE484D1FA917CB008F1B96 /* Events.storyboard */; };
		508758EE52944AB42A076599 /* Pods_Uomi.framework in Frameworks */ = {isa = PBXBuildFile; fileRef = F76C56FBEC5F778D413940D8 /* Pods_Uomi.framework */; };
/* End PBXBuildFile section */

/* Begin PBXFileReference section */
		079CEF8D1FA8F67A00AC1FE4 /* LoginViewController.swift */ = {isa = PBXFileReference; lastKnownFileType = sourcecode.swift; path = LoginViewController.swift; sourceTree = "<group>"; };
		079CEF901FA8F6A300AC1FE4 /* NewAccountViewController.swift */ = {isa = PBXFileReference; lastKnownFileType = sourcecode.swift; path = NewAccountViewController.swift; sourceTree = "<group>"; };
		079CEF921FA8F6B600AC1FE4 /* AccountEditorViewController.swift */ = {isa = PBXFileReference; lastKnownFileType = sourcecode.swift; path = AccountEditorViewController.swift; sourceTree = "<group>"; };
		079CEF961FA8FBA500AC1FE4 /* EventsTableViewController.swift */ = {isa = PBXFileReference; lastKnownFileType = sourcecode.swift; path = EventsTableViewController.swift; sourceTree = "<group>"; };
		079CEF981FA8FC4800AC1FE4 /* EventEditorViewController.swift */ = {isa = PBXFileReference; lastKnownFileType = sourcecode.swift; path = EventEditorViewController.swift; sourceTree = "<group>"; };
		079CEF9A1FA8FE5B00AC1FE4 /* TransactionsTableViewController.swift */ = {isa = PBXFileReference; lastKnownFileType = sourcecode.swift; path = TransactionsTableViewController.swift; sourceTree = "<group>"; };
		07AB53AD1F993F3200BC23F3 /* Uomi.app */ = {isa = PBXFileReference; explicitFileType = wrapper.application; includeInIndex = 0; path = Uomi.app; sourceTree = BUILT_PRODUCTS_DIR; };
		07AB53B01F993F3200BC23F3 /* AppDelegate.swift */ = {isa = PBXFileReference; lastKnownFileType = sourcecode.swift; path = AppDelegate.swift; sourceTree = "<group>"; };
		07AB53B51F993F3200BC23F3 /* Base */ = {isa = PBXFileReference; lastKnownFileType = file.storyboard; name = Base; path = Base.lproj/Login.storyboard; sourceTree = "<group>"; };
		07AB53B71F993F3200BC23F3 /* Assets.xcassets */ = {isa = PBXFileReference; lastKnownFileType = folder.assetcatalog; path = Assets.xcassets; sourceTree = "<group>"; };
		07AB53BA1F993F3200BC23F3 /* Base */ = {isa = PBXFileReference; lastKnownFileType = file.storyboard; name = Base; path = Base.lproj/LaunchScreen.storyboard; sourceTree = "<group>"; };
		07AB53BC1F993F3200BC23F3 /* Info.plist */ = {isa = PBXFileReference; lastKnownFileType = text.plist.xml; path = Info.plist; sourceTree = "<group>"; };
		07AB53C21F99421100BC23F3 /* libz.tbd */ = {isa = PBXFileReference; lastKnownFileType = "sourcecode.text-based-dylib-definition"; name = libz.tbd; path = usr/lib/libz.tbd; sourceTree = SDKROOT; };
		07AB53C51F99430900BC23F3 /* tessdata */ = {isa = PBXFileReference; lastKnownFileType = folder; path = tessdata; sourceTree = "<group>"; };
		07DE484D1FA917CB008F1B96 /* Events.storyboard */ = {isa = PBXFileReference; lastKnownFileType = file.storyboard; name = Events.storyboard; path = "/Users/kevinjnguyen/Github/CSCE671-Project/Uomi/Uomi/Events.storyboard"; sourceTree = "<absolute>"; };
		07DE484E1FA91830008F1B96 /* Transactions.storyboard */ = {isa = PBXFileReference; fileEncoding = 4; lastKnownFileType = file.storyboard; path = Transactions.storyboard; sourceTree = "<group>"; };
		07DE48501FA9184D008F1B96 /* Balances.storyboard */ = {isa = PBXFileReference; fileEncoding = 4; lastKnownFileType = file.storyboard; path = Balances.storyboard; sourceTree = "<group>"; };
		33388B2B44FD13FF818C68AA /* Pods-Uomi.release.xcconfig */ = {isa = PBXFileReference; includeInIndex = 1; lastKnownFileType = text.xcconfig; name = "Pods-Uomi.release.xcconfig"; path = "Pods/Target Support Files/Pods-Uomi/Pods-Uomi.release.xcconfig"; sourceTree = "<group>"; };
		C735C56250DC6E22CE8C9F8D /* Pods-Uomi.debug.xcconfig */ = {isa = PBXFileReference; includeInIndex = 1; lastKnownFileType = text.xcconfig; name = "Pods-Uomi.debug.xcconfig"; path = "Pods/Target Support Files/Pods-Uomi/Pods-Uomi.debug.xcconfig"; sourceTree = "<group>"; };
		F76C56FBEC5F778D413940D8 /* Pods_Uomi.framework */ = {isa = PBXFileReference; explicitFileType = wrapper.framework; includeInIndex = 0; path = Pods_Uomi.framework; sourceTree = BUILT_PRODUCTS_DIR; };
/* End PBXFileReference section */

/* Begin PBXFrameworksBuildPhase section */
		07AB53AA1F993F3200BC23F3 /* Frameworks */ = {
			isa = PBXFrameworksBuildPhase;
			buildActionMask = 2147483647;
			files = (
				07AB53C31F99421100BC23F3 /* libz.tbd in Frameworks */,
				508758EE52944AB42A076599 /* Pods_Uomi.framework in Frameworks */,
			);
			runOnlyForDeploymentPostprocessing = 0;
		};
/* End PBXFrameworksBuildPhase section */

/* Begin PBXGroup section */
		079CEF8F1FA8F68000AC1FE4 /* AccountManagement */ = {
			isa = PBXGroup;
			children = (
				079CEF8D1FA8F67A00AC1FE4 /* LoginViewController.swift */,
				079CEF901FA8F6A300AC1FE4 /* NewAccountViewController.swift */,
				079CEF921FA8F6B600AC1FE4 /* AccountEditorViewController.swift */,
			);
			path = AccountManagement;
			sourceTree = "<group>";
		};
		07AB53A41F993F3200BC23F3 = {
			isa = PBXGroup;
			children = (
				07AB53AF1F993F3200BC23F3 /* Uomi */,
				07AB53AE1F993F3200BC23F3 /* Products */,
				EFAC17F7034A9E5CD4DBB7BB /* Pods */,
				1B4C300766610CB05ABBE70D /* Frameworks */,
			);
			sourceTree = "<group>";
		};
		07AB53AE1F993F3200BC23F3 /* Products */ = {
			isa = PBXGroup;
			children = (
				07AB53AD1F993F3200BC23F3 /* Uomi.app */,
			);
			name = Products;
			sourceTree = "<group>";
		};
		07AB53AF1F993F3200BC23F3 /* Uomi */ = {
			isa = PBXGroup;
			children = (
				079CEF8F1FA8F68000AC1FE4 /* AccountManagement */,
				07AB53C51F99430900BC23F3 /* tessdata */,
				07AB53B01F993F3200BC23F3 /* AppDelegate.swift */,
				07AB53B41F993F3200BC23F3 /* Login.storyboard */,
				07DE484D1FA917CB008F1B96 /* Events.storyboard */,
				07DE484E1FA91830008F1B96 /* Transactions.storyboard */,
				07DE48501FA9184D008F1B96 /* Balances.storyboard */,
				07AB53B71F993F3200BC23F3 /* Assets.xcassets */,
				07AB53B91F993F3200BC23F3 /* LaunchScreen.storyboard */,
				07AB53BC1F993F3200BC23F3 /* Info.plist */,
				079CEF961FA8FBA500AC1FE4 /* EventsTableViewController.swift */,
				079CEF981FA8FC4800AC1FE4 /* EventEditorViewController.swift */,
				079CEF9A1FA8FE5B00AC1FE4 /* TransactionsTableViewController.swift */,
			);
			path = Uomi;
			sourceTree = "<group>";
		};
		1B4C300766610CB05ABBE70D /* Frameworks */ = {
			isa = PBXGroup;
			children = (
				07AB53C21F99421100BC23F3 /* libz.tbd */,
				F76C56FBEC5F778D413940D8 /* Pods_Uomi.framework */,
			);
			name = Frameworks;
			sourceTree = "<group>";
		};
		EFAC17F7034A9E5CD4DBB7BB /* Pods */ = {
			isa = PBXGroup;
			children = (
				C735C56250DC6E22CE8C9F8D /* Pods-Uomi.debug.xcconfig */,
				33388B2B44FD13FF818C68AA /* Pods-Uomi.release.xcconfig */,
			);
			name = Pods;
			sourceTree = "<group>";
		};
/* End PBXGroup section */

/* Begin PBXNativeTarget section */
		07AB53AC1F993F3200BC23F3 /* Uomi */ = {
			isa = PBXNativeTarget;
			buildConfigurationList = 07AB53BF1F993F3200BC23F3 /* Build configuration list for PBXNativeTarget "Uomi" */;
			buildPhases = (
				F02EA03AA6EEB3B01C9B70FF /* [CP] Check Pods Manifest.lock */,
				07AB53A91F993F3200BC23F3 /* Sources */,
				07AB53AA1F993F3200BC23F3 /* Frameworks */,
				07AB53AB1F993F3200BC23F3 /* Resources */,
				BBE1E40B342AC5917077FCD4 /* [CP] Embed Pods Frameworks */,
				41A6A5DF8A8A80B927060469 /* [CP] Copy Pods Resources */,
			);
			buildRules = (
			);
			dependencies = (
			);
			name = Uomi;
			productName = Uomi;
			productReference = 07AB53AD1F993F3200BC23F3 /* Uomi.app */;
			productType = "com.apple.product-type.application";
		};
/* End PBXNativeTarget section */

/* Begin PBXProject section */
		07AB53A51F993F3200BC23F3 /* Project object */ = {
			isa = PBXProject;
			attributes = {
				LastSwiftUpdateCheck = 0900;
				LastUpgradeCheck = 0900;
				ORGANIZATIONNAME = "Eric Gonzalez";
				TargetAttributes = {
					07AB53AC1F993F3200BC23F3 = {
						CreatedOnToolsVersion = 9.0;
						ProvisioningStyle = Automatic;
					};
				};
			};
			buildConfigurationList = 07AB53A81F993F3200BC23F3 /* Build configuration list for PBXProject "Uomi" */;
			compatibilityVersion = "Xcode 8.0";
			developmentRegion = en;
			hasScannedForEncodings = 0;
			knownRegions = (
				en,
				Base,
			);
			mainGroup = 07AB53A41F993F3200BC23F3;
			productRefGroup = 07AB53AE1F993F3200BC23F3 /* Products */;
			projectDirPath = "";
			projectRoot = "";
			targets = (
				07AB53AC1F993F3200BC23F3 /* Uomi */,
			);
		};
/* End PBXProject section */

/* Begin PBXResourcesBuildPhase section */
		07AB53AB1F993F3200BC23F3 /* Resources */ = {
			isa = PBXResourcesBuildPhase;
			buildActionMask = 2147483647;
			files = (
				07AB53BB1F993F3200BC23F3 /* LaunchScreen.storyboard in Resources */,
				07AB53C61F99430900BC23F3 /* tessdata in Resources */,
				07AB53B81F993F3200BC23F3 /* Assets.xcassets in Resources */,
				07AB53B61F993F3200BC23F3 /* Login.storyboard in Resources */,
				07DE48521FA91916008F1B96 /* Events.storyboard in Resources */,
				07DE484F1FA91830008F1B96 /* Transactions.storyboard in Resources */,
				07DE48511FA9184D008F1B96 /* Balances.storyboard in Resources */,
			);
			runOnlyForDeploymentPostprocessing = 0;
		};
/* End PBXResourcesBuildPhase section */

/* Begin PBXShellScriptBuildPhase section */
		41A6A5DF8A8A80B927060469 /* [CP] Copy Pods Resources */ = {
			isa = PBXShellScriptBuildPhase;
			buildActionMask = 2147483647;
			files = (
			);
			inputPaths = (
			);
			name = "[CP] Copy Pods Resources";
			outputPaths = (
			);
			runOnlyForDeploymentPostprocessing = 0;
			shellPath = /bin/sh;
			shellScript = "\"${SRCROOT}/Pods/Target Support Files/Pods-Uomi/Pods-Uomi-resources.sh\"\n";
			showEnvVarsInLog = 0;
		};
		BBE1E40B342AC5917077FCD4 /* [CP] Embed Pods Frameworks */ = {
			isa = PBXShellScriptBuildPhase;
			buildActionMask = 2147483647;
			files = (
			);
			inputPaths = (
				"${SRCROOT}/Pods/Target Support Files/Pods-Uomi/Pods-Uomi-frameworks.sh",
				"${BUILT_PRODUCTS_DIR}/Braintree/Braintree.framework",
				"${BUILT_PRODUCTS_DIR}/BraintreeDropIn/BraintreeDropIn.framework",
				"${BUILT_PRODUCTS_DIR}/TesseractOCRiOS/TesseractOCR.framework",
			);
			name = "[CP] Embed Pods Frameworks";
			outputPaths = (
				"${TARGET_BUILD_DIR}/${FRAMEWORKS_FOLDER_PATH}/Braintree.framework",
				"${TARGET_BUILD_DIR}/${FRAMEWORKS_FOLDER_PATH}/BraintreeDropIn.framework",
				"${TARGET_BUILD_DIR}/${FRAMEWORKS_FOLDER_PATH}/TesseractOCR.framework",
			);
			runOnlyForDeploymentPostprocessing = 0;
			shellPath = /bin/sh;
			shellScript = "\"${SRCROOT}/Pods/Target Support Files/Pods-Uomi/Pods-Uomi-frameworks.sh\"\n";
			showEnvVarsInLog = 0;
		};
		F02EA03AA6EEB3B01C9B70FF /* [CP] Check Pods Manifest.lock */ = {
			isa = PBXShellScriptBuildPhase;
			buildActionMask = 2147483647;
			files = (
			);
			inputPaths = (
				"${PODS_PODFILE_DIR_PATH}/Podfile.lock",
				"${PODS_ROOT}/Manifest.lock",
			);
			name = "[CP] Check Pods Manifest.lock";
			outputPaths = (
				"$(DERIVED_FILE_DIR)/Pods-Uomi-checkManifestLockResult.txt",
			);
			runOnlyForDeploymentPostprocessing = 0;
			shellPath = /bin/sh;
			shellScript = "diff \"${PODS_PODFILE_DIR_PATH}/Podfile.lock\" \"${PODS_ROOT}/Manifest.lock\" > /dev/null\nif [ $? != 0 ] ; then\n    # print error to STDERR\n    echo \"error: The sandbox is not in sync with the Podfile.lock. Run 'pod install' or update your CocoaPods installation.\" >&2\n    exit 1\nfi\n# This output is used by Xcode 'outputs' to avoid re-running this script phase.\necho \"SUCCESS\" > \"${SCRIPT_OUTPUT_FILE_0}\"\n";
			showEnvVarsInLog = 0;
		};
/* End PBXShellScriptBuildPhase section */

/* Begin PBXSourcesBuildPhase section */
		07AB53A91F993F3200BC23F3 /* Sources */ = {
			isa = PBXSourcesBuildPhase;
			buildActionMask = 2147483647;
			files = (
				079CEF8E1FA8F67A00AC1FE4 /* LoginViewController.swift in Sources */,
				079CEF931FA8F6B600AC1FE4 /* AccountEditorViewController.swift in Sources */,
				07AB53B11F993F3200BC23F3 /* AppDelegate.swift in Sources */,
				079CEF971FA8FBA500AC1FE4 /* EventsTableViewController.swift in Sources */,
				079CEF991FA8FC4800AC1FE4 /* EventEditorViewController.swift in Sources */,
				079CEF9B1FA8FE5B00AC1FE4 /* TransactionsTableViewController.swift in Sources */,
				079CEF911FA8F6A300AC1FE4 /* NewAccountViewController.swift in Sources */,
			);
			runOnlyForDeploymentPostprocessing = 0;
		};
/* End PBXSourcesBuildPhase section */

/* Begin PBXVariantGroup section */
		07AB53B41F993F3200BC23F3 /* Login.storyboard */ = {
			isa = PBXVariantGroup;
			children = (
				07AB53B51F993F3200BC23F3 /* Base */,
			);
			name = Login.storyboard;
			sourceTree = "<group>";
		};
		07AB53B91F993F3200BC23F3 /* LaunchScreen.storyboard */ = {
			isa = PBXVariantGroup;
			children = (
				07AB53BA1F993F3200BC23F3 /* Base */,
			);
			name = LaunchScreen.storyboard;
			sourceTree = "<group>";
		};
/* End PBXVariantGroup section */

/* Begin XCBuildConfiguration section */
		07AB53BD1F993F3200BC23F3 /* Debug */ = {
			isa = XCBuildConfiguration;
			buildSettings = {
				ALWAYS_SEARCH_USER_PATHS = NO;
				CLANG_ANALYZER_NONNULL = YES;
				CLANG_ANALYZER_NUMBER_OBJECT_CONVERSION = YES_AGGRESSIVE;
				CLANG_CXX_LANGUAGE_STANDARD = "gnu++14";
				CLANG_CXX_LIBRARY = "libc++";
				CLANG_ENABLE_MODULES = YES;
				CLANG_ENABLE_OBJC_ARC = YES;
				CLANG_WARN_BLOCK_CAPTURE_AUTORELEASING = YES;
				CLANG_WARN_BOOL_CONVERSION = YES;
				CLANG_WARN_COMMA = YES;
				CLANG_WARN_CONSTANT_CONVERSION = YES;
				CLANG_WARN_DIRECT_OBJC_ISA_USAGE = YES_ERROR;
				CLANG_WARN_DOCUMENTATION_COMMENTS = YES;
				CLANG_WARN_EMPTY_BODY = YES;
				CLANG_WARN_ENUM_CONVERSION = YES;
				CLANG_WARN_INFINITE_RECURSION = YES;
				CLANG_WARN_INT_CONVERSION = YES;
				CLANG_WARN_NON_LITERAL_NULL_CONVERSION = YES;
				CLANG_WARN_OBJC_LITERAL_CONVERSION = YES;
				CLANG_WARN_OBJC_ROOT_CLASS = YES_ERROR;
				CLANG_WARN_RANGE_LOOP_ANALYSIS = YES;
				CLANG_WARN_STRICT_PROTOTYPES = YES;
				CLANG_WARN_SUSPICIOUS_MOVE = YES;
				CLANG_WARN_UNGUARDED_AVAILABILITY = YES_AGGRESSIVE;
				CLANG_WARN_UNREACHABLE_CODE = YES;
				CLANG_WARN__DUPLICATE_METHOD_MATCH = YES;
				CODE_SIGN_IDENTITY = "iPhone Developer";
				COPY_PHASE_STRIP = NO;
				DEBUG_INFORMATION_FORMAT = dwarf;
				ENABLE_STRICT_OBJC_MSGSEND = YES;
				ENABLE_TESTABILITY = YES;
				GCC_C_LANGUAGE_STANDARD = gnu11;
				GCC_DYNAMIC_NO_PIC = NO;
				GCC_NO_COMMON_BLOCKS = YES;
				GCC_OPTIMIZATION_LEVEL = 0;
				GCC_PREPROCESSOR_DEFINITIONS = (
					"DEBUG=1",
					"$(inherited)",
				);
				GCC_WARN_64_TO_32_BIT_CONVERSION = YES;
				GCC_WARN_ABOUT_RETURN_TYPE = YES_ERROR;
				GCC_WARN_UNDECLARED_SELECTOR = YES;
				GCC_WARN_UNINITIALIZED_AUTOS = YES_AGGRESSIVE;
				GCC_WARN_UNUSED_FUNCTION = YES;
				GCC_WARN_UNUSED_VARIABLE = YES;
				IPHONEOS_DEPLOYMENT_TARGET = 11.0;
				MTL_ENABLE_DEBUG_INFO = YES;
				ONLY_ACTIVE_ARCH = YES;
				SDKROOT = iphoneos;
				SWIFT_ACTIVE_COMPILATION_CONDITIONS = DEBUG;
				SWIFT_OPTIMIZATION_LEVEL = "-Onone";
			};
			name = Debug;
		};
		07AB53BE1F993F3200BC23F3 /* Release */ = {
			isa = XCBuildConfiguration;
			buildSettings = {
				ALWAYS_SEARCH_USER_PATHS = NO;
				CLANG_ANALYZER_NONNULL = YES;
				CLANG_ANALYZER_NUMBER_OBJECT_CONVERSION = YES_AGGRESSIVE;
				CLANG_CXX_LANGUAGE_STANDARD = "gnu++14";
				CLANG_CXX_LIBRARY = "libc++";
				CLANG_ENABLE_MODULES = YES;
				CLANG_ENABLE_OBJC_ARC = YES;
				CLANG_WARN_BLOCK_CAPTURE_AUTORELEASING = YES;
				CLANG_WARN_BOOL_CONVERSION = YES;
				CLANG_WARN_COMMA = YES;
				CLANG_WARN_CONSTANT_CONVERSION = YES;
				CLANG_WARN_DIRECT_OBJC_ISA_USAGE = YES_ERROR;
				CLANG_WARN_DOCUMENTATION_COMMENTS = YES;
				CLANG_WARN_EMPTY_BODY = YES;
				CLANG_WARN_ENUM_CONVERSION = YES;
				CLANG_WARN_INFINITE_RECURSION = YES;
				CLANG_WARN_INT_CONVERSION = YES;
				CLANG_WARN_NON_LITERAL_NULL_CONVERSION = YES;
				CLANG_WARN_OBJC_LITERAL_CONVERSION = YES;
				CLANG_WARN_OBJC_ROOT_CLASS = YES_ERROR;
				CLANG_WARN_RANGE_LOOP_ANALYSIS = YES;
				CLANG_WARN_STRICT_PROTOTYPES = YES;
				CLANG_WARN_SUSPICIOUS_MOVE = YES;
				CLANG_WARN_UNGUARDED_AVAILABILITY = YES_AGGRESSIVE;
				CLANG_WARN_UNREACHABLE_CODE = YES;
				CLANG_WARN__DUPLICATE_METHOD_MATCH = YES;
				CODE_SIGN_IDENTITY = "iPhone Developer";
				COPY_PHASE_STRIP = NO;
				DEBUG_INFORMATION_FORMAT = "dwarf-with-dsym";
				ENABLE_NS_ASSERTIONS = NO;
				ENABLE_STRICT_OBJC_MSGSEND = YES;
				GCC_C_LANGUAGE_STANDARD = gnu11;
				GCC_NO_COMMON_BLOCKS = YES;
				GCC_WARN_64_TO_32_BIT_CONVERSION = YES;
				GCC_WARN_ABOUT_RETURN_TYPE = YES_ERROR;
				GCC_WARN_UNDECLARED_SELECTOR = YES;
				GCC_WARN_UNINITIALIZED_AUTOS = YES_AGGRESSIVE;
				GCC_WARN_UNUSED_FUNCTION = YES;
				GCC_WARN_UNUSED_VARIABLE = YES;
				IPHONEOS_DEPLOYMENT_TARGET = 11.0;
				MTL_ENABLE_DEBUG_INFO = NO;
				SDKROOT = iphoneos;
				SWIFT_OPTIMIZATION_LEVEL = "-Owholemodule";
				VALIDATE_PRODUCT = YES;
			};
			name = Release;
		};
		07AB53C01F993F3200BC23F3 /* Debug */ = {
			isa = XCBuildConfiguration;
			baseConfigurationReference = C735C56250DC6E22CE8C9F8D /* Pods-Uomi.debug.xcconfig */;
			buildSettings = {
				ASSETCATALOG_COMPILER_APPICON_NAME = AppIcon;
				CODE_SIGN_STYLE = Automatic;
				DEVELOPMENT_TEAM = VTH3535D42;
				INFOPLIST_FILE = Uomi/Info.plist;
				LD_RUNPATH_SEARCH_PATHS = "$(inherited) @executable_path/Frameworks";
				PRODUCT_BUNDLE_IDENTIFIER = eric.gonzalez.Uomi;
				PRODUCT_NAME = "$(TARGET_NAME)";
				SWIFT_VERSION = 4.0;
				TARGETED_DEVICE_FAMILY = "1,2";
			};
			name = Debug;
		};
		07AB53C11F993F3200BC23F3 /* Release */ = {
			isa = XCBuildConfiguration;
			baseConfigurationReference = 33388B2B44FD13FF818C68AA /* Pods-Uomi.release.xcconfig */;
			buildSettings = {
				ASSETCATALOG_COMPILER_APPICON_NAME = AppIcon;
				CODE_SIGN_STYLE = Automatic;
				DEVELOPMENT_TEAM = VTH3535D42;
				INFOPLIST_FILE = Uomi/Info.plist;
				LD_RUNPATH_SEARCH_PATHS = "$(inherited) @executable_path/Frameworks";
				PRODUCT_BUNDLE_IDENTIFIER = eric.gonzalez.Uomi;
				PRODUCT_NAME = "$(TARGET_NAME)";
				SWIFT_VERSION = 4.0;
				TARGETED_DEVICE_FAMILY = "1,2";
			};
			name = Release;
		};
/* End XCBuildConfiguration section */

/* Begin XCConfigurationList section */
		07AB53A81F993F3200BC23F3 /* Build configuration list for PBXProject "Uomi" */ = {
			isa = XCConfigurationList;
			buildConfigurations = (
				07AB53BD1F993F3200BC23F3 /* Debug */,
				07AB53BE1F993F3200BC23F3 /* Release */,
			);
			defaultConfigurationIsVisible = 0;
			defaultConfigurationName = Release;
		};
		07AB53BF1F993F3200BC23F3 /* Build configuration list for PBXNativeTarget "Uomi" */ = {
			isa = XCConfigurationList;
			buildConfigurations = (
				07AB53C01F993F3200BC23F3 /* Debug */,
				07AB53C11F993F3200BC23F3 /* Release */,
			);
			defaultConfigurationIsVisible = 0;
			defaultConfigurationName = Release;
		};
/* End XCConfigurationList section */
	};
	rootObject = 07AB53A51F993F3200BC23F3 /* Project object */;
}
